PODS:
  - Flutter (1.0.0)
  - flutter_qq (0.0.5):
    - Flutter
    - QQSDK
  - image_picker (0.0.1):
    - Flutter
  - QQSDK (3.3.1)

DEPENDENCIES:
  - Flutter (from `.symlinks/flutter/ios`)
  - flutter_qq (from `.symlinks/plugins/flutter_qq/ios`)
  - image_picker (from `.symlinks/plugins/image_picker/ios`)

SPEC REPOS:
  https://github.com/cocoapods/specs.git:
    - QQSDK

EXTERNAL SOURCES:
  Flutter:
    :path: ".symlinks/flutter/ios"
  flutter_qq:
    :path: ".symlinks/plugins/flutter_qq/ios"
  image_picker:
    :path: ".symlinks/plugins/image_picker/ios"

SPEC CHECKSUMS:
  Flutter: 58dd7d1b27887414a370fcccb9e645c08ffd7a6a
  flutter_qq: c9de12c3b1064e11a093630a43d13cb7db4d44cb
  image_picker: 16e5fec1fbc87fd3b297c53e4048521eaf17cd06
  QQSDK: 2bb36f564c4771c3092ba9b7e6874651bf179656

PODFILE CHECKSUM: 1e5af4103afd21ca5ead147d7b81d06f494f51a2

COCOAPODS: 1.6.0
