PODS:
  - Flutter (1.0.0)
  - flutter_qq (0.0.2):
    - Flutter
    - QQSDK
  - QQSDK (3.3.1)

DEPENDENCIES:
  - Flutter (from `.symlinks/flutter/ios`)
  - flutter_qq (from `.symlinks/plugins/flutter_qq/ios`)

SPEC REPOS:
  https://github.com/cocoapods/specs.git:
    - QQSDK

EXTERNAL SOURCES:
  Flutter:
    :path: ".symlinks/flutter/ios"
  flutter_qq:
    :path: ".symlinks/plugins/flutter_qq/ios"

SPEC CHECKSUMS:
  Flutter: 9d0fac939486c9aba2809b7982dfdbb47a7b0296
  flutter_qq: caaf7d5821e8d50c3a75dc002a42b0261f16e2a5
  QQSDK: 2bb36f564c4771c3092ba9b7e6874651bf179656

PODFILE CHECKSUM: 1e5af4103afd21ca5ead147d7b81d06f494f51a2

COCOAPODS: 1.5.3
